
Microsoft Visual Studio Solution File, Format Version 12.00
# Visual Studio Version 17
VisualStudioVersion = 17.3.32901.215
MinimumVisualStudioVersion = 10.0.40219.1
Project("{8BC9CEB8-8B4A-11D0-8D11-00A0C91BC942}") = "TextEditor", "TextEditor\TextEditor.vcxproj", "{FC610694-003E-4641-A66F-748134D86FB9}"
EndProject
Global
	GlobalSection(SolutionConfigurationPlatforms) = preSolution
		Debug|x64 = Debug|x64
		Debug|x86 = Debug|x86
		Release|x64 = Release|x64
		Release|x86 = Release|x86
	EndGlobalSection
	GlobalSection(ProjectConfigurationPlatforms) = postSolution
		{FC610694-003E-4641-A66F-748134D86FB9}.Debug|x64.ActiveCfg = Debug|x64
		{FC610694-003E-4641-A66F-748134D86FB9}.Debug|x64.Build.0 = Debug|x64
		{FC610694-003E-4641-A66F-748134D86FB9}.Debug|x86.ActiveCfg = Debug|Win32
		{FC610694-003E-4641-A66F-748134D86FB9}.Debug|x86.Build.0 = Debug|Win32
		{FC610694-003E-4641-A66F-748134D86FB9}.Release|x64.ActiveCfg = Release|x64
		{FC610694-003E-4641-A66F-748134D86FB9}.Release|x64.Build.0 = Release|x64
		{FC610694-003E-4641-A66F-748134D86FB9}.Release|x86.ActiveCfg = Release|Win32
		{FC610694-003E-4641-A66F-748134D86FB9}.Release|x86.Build.0 = Release|Win32
	EndGlobalSection
	GlobalSection(SolutionProperties) = preSolution
		HideSolutionNode = FALSE
	EndGlobalSection
	GlobalSection(ExtensibilityGlobals) = postSolution
		SolutionGuid = {237AC3A6-A026-48DF-AF15-D72D636DACBE}
	EndGlobalSection
EndGlobal
